// !$*UTF8*$!
{
	archiveVersion = 1;
	classes = {
	};
	objectVersion = 46;
	objects = {

/* Begin PBXBuildFile section */
		15C159531683161A00D239F2 /* libcocos2dx.a in Frameworks */ = {isa = PBXBuildFile; fileRef = 15C156CA1683158700D239F2 /* libcocos2dx.a */; settings = {ATTRIBUTES = (Required, ); }; };
		15C64823165F391E007D4F18 /* Cocoa.framework in Frameworks */ = {isa = PBXBuildFile; fileRef = 15C64822165F391E007D4F18 /* Cocoa.framework */; };
		15C64825165F3934007D4F18 /* OpenGL.framework in Frameworks */ = {isa = PBXBuildFile; fileRef = 15C64824165F3934007D4F18 /* OpenGL.framework */; };
		15C64827165F394E007D4F18 /* QuartzCore.framework in Frameworks */ = {isa = PBXBuildFile; fileRef = 15C64826165F394E007D4F18 /* QuartzCore.framework */; };
		15C64829165F396B007D4F18 /* OpenAL.framework in Frameworks */ = {isa = PBXBuildFile; fileRef = 15C64828165F396B007D4F18 /* OpenAL.framework */; };
		15C6482B165F3979007D4F18 /* ApplicationServices.framework in Frameworks */ = {isa = PBXBuildFile; fileRef = 15C6482A165F3979007D4F18 /* ApplicationServices.framework */; };
		15C6482D165F3988007D4F18 /* AudioToolbox.framework in Frameworks */ = {isa = PBXBuildFile; fileRef = 15C6482C165F3988007D4F18 /* AudioToolbox.framework */; };
		15C6482F165F399D007D4F18 /* libz.dylib in Frameworks */ = {isa = PBXBuildFile; fileRef = 15C6482E165F399D007D4F18 /* libz.dylib */; };
		15C64831165F39AB007D4F18 /* libxml2.dylib in Frameworks */ = {isa = PBXBuildFile; fileRef = 15C64830165F39AB007D4F18 /* libxml2.dylib */; };
		15C64833165F3AFD007D4F18 /* Foundation.framework in Frameworks */ = {isa = PBXBuildFile; fileRef = 15C64832165F3AFD007D4F18 /* Foundation.framework */; };
		15D8B23E168318C3006C7997 /* CDAudioManager.m in Sources */ = {isa = PBXBuildFile; fileRef = 15D8B233168318C3006C7997 /* CDAudioManager.m */; };
		15D8B23F168318C3006C7997 /* CDOpenALSupport.m in Sources */ = {isa = PBXBuildFile; fileRef = 15D8B236168318C3006C7997 /* CDOpenALSupport.m */; };
		15D8B240168318C3006C7997 /* CDXMacOSXSupport.mm in Sources */ = {isa = PBXBuildFile; fileRef = 15D8B238168318C3006C7997 /* CDXMacOSXSupport.mm */; };
		15D8B241168318C3006C7997 /* CocosDenshion.m in Sources */ = {isa = PBXBuildFile; fileRef = 15D8B23A168318C3006C7997 /* CocosDenshion.m */; };
		15D8B242168318C3006C7997 /* SimpleAudioEngine.mm in Sources */ = {isa = PBXBuildFile; fileRef = 15D8B23B168318C3006C7997 /* SimpleAudioEngine.mm */; };
		15D8B243168318C3006C7997 /* SimpleAudioEngine_objc.m in Sources */ = {isa = PBXBuildFile; fileRef = 15D8B23D168318C3006C7997 /* SimpleAudioEngine_objc.m */; };
		1A9CE9A81765A889000E3062 /* libsqlite3.dylib in Frameworks */ = {isa = PBXBuildFile; fileRef = 1A9CE9A71765A889000E3062 /* libsqlite3.dylib */; };
		41BC70E415BF81A5006A0A6C /* AppController.mm in Sources */ = {isa = PBXBuildFile; fileRef = 41BC70DA15BF81A5006A0A6C /* AppController.mm */; };
		41BC70E515BF81A5006A0A6C /* InfoPlist.strings in Resources */ = {isa = PBXBuildFile; fileRef = 41BC70DC15BF81A5006A0A6C /* InfoPlist.strings */; };
		41BC70E615BF81A5006A0A6C /* MainMenu.xib in Resources */ = {isa = PBXBuildFile; fileRef = 41BC70DE15BF81A5006A0A6C /* MainMenu.xib */; };
		41BC70E715BF81A5006A0A6C /* Icon.icns in Resources */ = {isa = PBXBuildFile; fileRef = 41BC70E015BF81A5006A0A6C /* Icon.icns */; };
		41BC70E815BF81A5006A0A6C /* main.m in Sources */ = {isa = PBXBuildFile; fileRef = 41BC70E115BF81A5006A0A6C /* main.m */; };
		A939164917DB6A4B009E3D4E /* bullet.mp3 in Resources */ = {isa = PBXBuildFile; fileRef = A939163617DB6A4B009E3D4E /* bullet.mp3 */; };
		A939164A17DB6A4B009E3D4E /* enemy1_down.mp3 in Resources */ = {isa = PBXBuildFile; fileRef = A939163717DB6A4B009E3D4E /* enemy1_down.mp3 */; };
		A939164B17DB6A4B009E3D4E /* enemy2_down.mp3 in Resources */ = {isa = PBXBuildFile; fileRef = A939163817DB6A4B009E3D4E /* enemy2_down.mp3 */; };
		A939164C17DB6A4B009E3D4E /* enemy3_down.mp3 in Resources */ = {isa = PBXBuildFile; fileRef = A939163917DB6A4B009E3D4E /* enemy3_down.mp3 */; };
		A939164D17DB6A4B009E3D4E /* enemy4_down.mp3 in Resources */ = {isa = PBXBuildFile; fileRef = A939163A17DB6A4B009E3D4E /* enemy4_down.mp3 */; };
		A939164E17DB6A4B009E3D4E /* enemy4_out.mp3 in Resources */ = {isa = PBXBuildFile; fileRef = A939163B17DB6A4B009E3D4E /* enemy4_out.mp3 */; };
		A939164F17DB6A4B009E3D4E /* enemy5_down.mp3 in Resources */ = {isa = PBXBuildFile; fileRef = A939163C17DB6A4B009E3D4E /* enemy5_down.mp3 */; };
		A939165017DB6A4B009E3D4E /* Marker Felt.ttf in Resources */ = {isa = PBXBuildFile; fileRef = A939163E17DB6A4B009E3D4E /* Marker Felt.ttf */; };
		A939165117DB6A4B009E3D4E /* game_music.mp3 in Resources */ = {isa = PBXBuildFile; fileRef = A939163F17DB6A4B009E3D4E /* game_music.mp3 */; };
		A939165217DB6A4B009E3D4E /* game_over.mp3 in Resources */ = {isa = PBXBuildFile; fileRef = A939164017DB6A4B009E3D4E /* game_over.mp3 */; };
		A939165317DB6A4B009E3D4E /* gameArts-android.plist in Resources */ = {isa = PBXBuildFile; fileRef = A939164117DB6A4B009E3D4E /* gameArts-android.plist */; };
		A939165417DB6A4B009E3D4E /* gameArts-android.png in Resources */ = {isa = PBXBuildFile; fileRef = A939164217DB6A4B009E3D4E /* gameArts-android.png */; };
		A939165517DB6A4B009E3D4E /* gameArts-androidhd.plist in Resources */ = {isa = PBXBuildFile; fileRef = A939164317DB6A4B009E3D4E /* gameArts-androidhd.plist */; };
		A939165617DB6A4B009E3D4E /* gameArts-androidhd.png in Resources */ = {isa = PBXBuildFile; fileRef = A939164417DB6A4B009E3D4E /* gameArts-androidhd.png */; };
		A939165717DB6A4B009E3D4E /* gameArts-hd.plist in Resources */ = {isa = PBXBuildFile; fileRef = A939164517DB6A4B009E3D4E /* gameArts-hd.plist */; };
		A939165817DB6A4B009E3D4E /* gameArts-hd.png in Resources */ = {isa = PBXBuildFile; fileRef = A939164617DB6A4B009E3D4E /* gameArts-hd.png */; };
		A939165917DB6A4B009E3D4E /* gameArts.plist in Resources */ = {isa = PBXBuildFile; fileRef = A939164717DB6A4B009E3D4E /* gameArts.plist */; };
		A939165A17DB6A4B009E3D4E /* gameArts.png in Resources */ = {isa = PBXBuildFile; fileRef = A939164817DB6A4B009E3D4E /* gameArts.png */; };
		A939168C17DB6AF6009E3D4E /* AppDelegate.cpp in Sources */ = {isa = PBXBuildFile; fileRef = A939168617DB6AF6009E3D4E /* AppDelegate.cpp */; };
		A939168D17DB6AF6009E3D4E /* GameLayer.cpp in Sources */ = {isa = PBXBuildFile; fileRef = A939168817DB6AF6009E3D4E /* GameLayer.cpp */; };
		A939168E17DB6AF6009E3D4E /* HelloWorldScene.cpp in Sources */ = {isa = PBXBuildFile; fileRef = A939168A17DB6AF6009E3D4E /* HelloWorldScene.cpp */; };
/* End PBXBuildFile section */

/* Begin PBXContainerItemProxy section */
		15C156C91683158700D239F2 /* PBXContainerItemProxy */ = {
			isa = PBXContainerItemProxy;
			containerPortal = 15C156C21683158700D239F2 /* cocos2dx.xcodeproj */;
			proxyType = 2;
			remoteGlobalIDString = 1551A33F158F2AB200E66CFE;
			remoteInfo = cocos2dx;
		};
		15C159511683161500D239F2 /* PBXContainerItemProxy */ = {
			isa = PBXContainerItemProxy;
			containerPortal = 15C156C21683158700D239F2 /* cocos2dx.xcodeproj */;
			proxyType = 1;
			remoteGlobalIDString = 1551A33E158F2AB200E66CFE;
			remoteInfo = cocos2dx;
		};
/* End PBXContainerItemProxy section */

/* Begin PBXFileReference section */
		15C156C21683158700D239F2 /* cocos2dx.xcodeproj */ = {isa = PBXFileReference; lastKnownFileType = "wrapper.pb-project"; name = cocos2dx.xcodeproj; path = ../../../cocos2dx/proj.mac/cocos2dx.xcodeproj; sourceTree = "<group>"; };
		15C1580E168315CE00D239F2 /* Export.h */ = {isa = PBXFileReference; fileEncoding = 4; lastKnownFileType = sourcecode.c.h; path = Export.h; sourceTree = "<group>"; };
		15C1580F168315CE00D239F2 /* SimpleAudioEngine.h */ = {isa = PBXFileReference; fileEncoding = 4; lastKnownFileType = sourcecode.c.h; path = SimpleAudioEngine.h; sourceTree = "<group>"; };
		15C64822165F391E007D4F18 /* Cocoa.framework */ = {isa = PBXFileReference; lastKnownFileType = wrapper.framework; name = Cocoa.framework; path = Platforms/MacOSX.platform/Developer/SDKs/MacOSX10.8.sdk/System/Library/Frameworks/Cocoa.framework; sourceTree = DEVELOPER_DIR; };
		15C64824165F3934007D4F18 /* OpenGL.framework */ = {isa = PBXFileReference; lastKnownFileType = wrapper.framework; name = OpenGL.framework; path = Platforms/MacOSX.platform/Developer/SDKs/MacOSX10.8.sdk/System/Library/Frameworks/OpenGL.framework; sourceTree = DEVELOPER_DIR; };
		15C64826165F394E007D4F18 /* QuartzCore.framework */ = {isa = PBXFileReference; lastKnownFileType = wrapper.framework; name = QuartzCore.framework; path = Platforms/MacOSX.platform/Developer/SDKs/MacOSX10.8.sdk/System/Library/Frameworks/QuartzCore.framework; sourceTree = DEVELOPER_DIR; };
		15C64828165F396B007D4F18 /* OpenAL.framework */ = {isa = PBXFileReference; lastKnownFileType = wrapper.framework; name = OpenAL.framework; path = Platforms/MacOSX.platform/Developer/SDKs/MacOSX10.8.sdk/System/Library/Frameworks/OpenAL.framework; sourceTree = DEVELOPER_DIR; };
		15C6482A165F3979007D4F18 /* ApplicationServices.framework */ = {isa = PBXFileReference; lastKnownFileType = wrapper.framework; name = ApplicationServices.framework; path = Platforms/MacOSX.platform/Developer/SDKs/MacOSX10.8.sdk/System/Library/Frameworks/ApplicationServices.framework; sourceTree = DEVELOPER_DIR; };
		15C6482C165F3988007D4F18 /* AudioToolbox.framework */ = {isa = PBXFileReference; lastKnownFileType = wrapper.framework; name = AudioToolbox.framework; path = Platforms/MacOSX.platform/Developer/SDKs/MacOSX10.8.sdk/System/Library/Frameworks/AudioToolbox.framework; sourceTree = DEVELOPER_DIR; };
		15C6482E165F399D007D4F18 /* libz.dylib */ = {isa = PBXFileReference; lastKnownFileType = "compiled.mach-o.dylib"; name = libz.dylib; path = Platforms/MacOSX.platform/Developer/SDKs/MacOSX10.8.sdk/usr/lib/libz.dylib; sourceTree = DEVELOPER_DIR; };
		15C64830165F39AB007D4F18 /* libxml2.dylib */ = {isa = PBXFileReference; lastKnownFileType = "compiled.mach-o.dylib"; name = libxml2.dylib; path = Platforms/MacOSX.platform/Developer/SDKs/MacOSX10.8.sdk/usr/lib/libxml2.dylib; sourceTree = DEVELOPER_DIR; };
		15C64832165F3AFD007D4F18 /* Foundation.framework */ = {isa = PBXFileReference; lastKnownFileType = wrapper.framework; name = Foundation.framework; path = Platforms/MacOSX.platform/Developer/SDKs/MacOSX10.8.sdk/System/Library/Frameworks/Foundation.framework; sourceTree = DEVELOPER_DIR; };
		15D8B232168318C3006C7997 /* CDAudioManager.h */ = {isa = PBXFileReference; fileEncoding = 4; lastKnownFileType = sourcecode.c.h; path = CDAudioManager.h; sourceTree = "<group>"; };
		15D8B233168318C3006C7997 /* CDAudioManager.m */ = {isa = PBXFileReference; fileEncoding = 4; lastKnownFileType = sourcecode.c.objc; path = CDAudioManager.m; sourceTree = "<group>"; };
		15D8B234168318C3006C7997 /* CDConfig.h */ = {isa = PBXFileReference; fileEncoding = 4; lastKnownFileType = sourcecode.c.h; path = CDConfig.h; sourceTree = "<group>"; };
		15D8B235168318C3006C7997 /* CDOpenALSupport.h */ = {isa = PBXFileReference; fileEncoding = 4; lastKnownFileType = sourcecode.c.h; path = CDOpenALSupport.h; sourceTree = "<group>"; };
		15D8B236168318C3006C7997 /* CDOpenALSupport.m */ = {isa = PBXFileReference; fileEncoding = 4; lastKnownFileType = sourcecode.c.objc; path = CDOpenALSupport.m; sourceTree = "<group>"; };
		15D8B237168318C3006C7997 /* CDXMacOSXSupport.h */ = {isa = PBXFileReference; fileEncoding = 4; lastKnownFileType = sourcecode.c.h; path = CDXMacOSXSupport.h; sourceTree = "<group>"; };
		15D8B238168318C3006C7997 /* CDXMacOSXSupport.mm */ = {isa = PBXFileReference; fileEncoding = 4; lastKnownFileType = sourcecode.cpp.objcpp; path = CDXMacOSXSupport.mm; sourceTree = "<group>"; };
		15D8B239168318C3006C7997 /* CocosDenshion.h */ = {isa = PBXFileReference; fileEncoding = 4; lastKnownFileType = sourcecode.c.h; path = CocosDenshion.h; sourceTree = "<group>"; };
		15D8B23A168318C3006C7997 /* CocosDenshion.m */ = {isa = PBXFileReference; fileEncoding = 4; lastKnownFileType = sourcecode.c.objc; path = CocosDenshion.m; sourceTree = "<group>"; };
		15D8B23B168318C3006C7997 /* SimpleAudioEngine.mm */ = {isa = PBXFileReference; fileEncoding = 4; lastKnownFileType = sourcecode.cpp.objcpp; path = SimpleAudioEngine.mm; sourceTree = "<group>"; };
		15D8B23C168318C3006C7997 /* SimpleAudioEngine_objc.h */ = {isa = PBXFileReference; fileEncoding = 4; lastKnownFileType = sourcecode.c.h; path = SimpleAudioEngine_objc.h; sourceTree = "<group>"; };
		15D8B23D168318C3006C7997 /* SimpleAudioEngine_objc.m */ = {isa = PBXFileReference; fileEncoding = 4; lastKnownFileType = sourcecode.c.objc; path = SimpleAudioEngine_objc.m; sourceTree = "<group>"; };
		1A9CE9A71765A889000E3062 /* libsqlite3.dylib */ = {isa = PBXFileReference; lastKnownFileType = "compiled.mach-o.dylib"; name = libsqlite3.dylib; path = usr/lib/libsqlite3.dylib; sourceTree = SDKROOT; };
		1D6058910D05DD3D006BFB54 /* ccxPlaneWar.app */ = {isa = PBXFileReference; explicitFileType = wrapper.application; includeInIndex = 0; path = ccxPlaneWar.app; sourceTree = BUILT_PRODUCTS_DIR; };
		41BC70D915BF81A5006A0A6C /* AppController.h */ = {isa = PBXFileReference; fileEncoding = 4; lastKnownFileType = sourcecode.c.h; path = AppController.h; sourceTree = SOURCE_ROOT; };
		41BC70DA15BF81A5006A0A6C /* AppController.mm */ = {isa = PBXFileReference; fileEncoding = 4; lastKnownFileType = sourcecode.cpp.objcpp; path = AppController.mm; sourceTree = SOURCE_ROOT; };
		41BC70DD15BF81A5006A0A6C /* en */ = {isa = PBXFileReference; lastKnownFileType = text.plist.strings; name = en; path = InfoPlist.strings; sourceTree = "<group>"; };
		41BC70DF15BF81A5006A0A6C /* en */ = {isa = PBXFileReference; lastKnownFileType = file.xib; name = en; path = MainMenu.xib; sourceTree = "<group>"; };
		41BC70E015BF81A5006A0A6C /* Icon.icns */ = {isa = PBXFileReference; lastKnownFileType = image.icns; path = Icon.icns; sourceTree = SOURCE_ROOT; };
		41BC70E115BF81A5006A0A6C /* main.m */ = {isa = PBXFileReference; fileEncoding = 4; lastKnownFileType = sourcecode.c.objc; path = main.m; sourceTree = SOURCE_ROOT; };
		41BC70E215BF81A5006A0A6C /* Info.plist */ = {isa = PBXFileReference; fileEncoding = 4; lastKnownFileType = text.plist.xml; path = Info.plist; sourceTree = SOURCE_ROOT; };
		41BC70E315BF81A5006A0A6C /* Prefix.pch */ = {isa = PBXFileReference; fileEncoding = 4; lastKnownFileType = sourcecode.c.h; path = Prefix.pch; sourceTree = SOURCE_ROOT; };
		A939163617DB6A4B009E3D4E /* bullet.mp3 */ = {isa = PBXFileReference; lastKnownFileType = audio.mp3; path = bullet.mp3; sourceTree = "<group>"; };
		A939163717DB6A4B009E3D4E /* enemy1_down.mp3 */ = {isa = PBXFileReference; lastKnownFileType = audio.mp3; path = enemy1_down.mp3; sourceTree = "<group>"; };
		A939163817DB6A4B009E3D4E /* enemy2_down.mp3 */ = {isa = PBXFileReference; lastKnownFileType = audio.mp3; path = enemy2_down.mp3; sourceTree = "<group>"; };
		A939163917DB6A4B009E3D4E /* enemy3_down.mp3 */ = {isa = PBXFileReference; lastKnownFileType = audio.mp3; path = enemy3_down.mp3; sourceTree = "<group>"; };
		A939163A17DB6A4B009E3D4E /* enemy4_down.mp3 */ = {isa = PBXFileReference; lastKnownFileType = audio.mp3; path = enemy4_down.mp3; sourceTree = "<group>"; };
		A939163B17DB6A4B009E3D4E /* enemy4_out.mp3 */ = {isa = PBXFileReference; lastKnownFileType = audio.mp3; path = enemy4_out.mp3; sourceTree = "<group>"; };
		A939163C17DB6A4B009E3D4E /* enemy5_down.mp3 */ = {isa = PBXFileReference; lastKnownFileType = audio.mp3; path = enemy5_down.mp3; sourceTree = "<group>"; };
		A939163E17DB6A4B009E3D4E /* Marker Felt.ttf */ = {isa = PBXFileReference; lastKnownFileType = file; path = "Marker Felt.ttf"; sourceTree = "<group>"; };
		A939163F17DB6A4B009E3D4E /* game_music.mp3 */ = {isa = PBXFileReference; lastKnownFileType = audio.mp3; path = game_music.mp3; sourceTree = "<group>"; };
		A939164017DB6A4B009E3D4E /* game_over.mp3 */ = {isa = PBXFileReference; lastKnownFileType = audio.mp3; path = game_over.mp3; sourceTree = "<group>"; };
		A939164117DB6A4B009E3D4E /* gameArts-android.plist */ = {isa = PBXFileReference; fileEncoding = 4; lastKnownFileType = text.plist.xml; path = "gameArts-android.plist"; sourceTree = "<group>"; };
		A939164217DB6A4B009E3D4E /* gameArts-android.png */ = {isa = PBXFileReference; lastKnownFileType = image.png; path = "gameArts-android.png"; sourceTree = "<group>"; };
		A939164317DB6A4B009E3D4E /* gameArts-androidhd.plist */ = {isa = PBXFileReference; fileEncoding = 4; lastKnownFileType = text.plist.xml; path = "gameArts-androidhd.plist"; sourceTree = "<group>"; };
		A939164417DB6A4B009E3D4E /* gameArts-androidhd.png */ = {isa = PBXFileReference; lastKnownFileType = image.png; path = "gameArts-androidhd.png"; sourceTree = "<group>"; };
		A939164517DB6A4B009E3D4E /* gameArts-hd.plist */ = {isa = PBXFileReference; fileEncoding = 4; lastKnownFileType = text.plist.xml; path = "gameArts-hd.plist"; sourceTree = "<group>"; };
		A939164617DB6A4B009E3D4E /* gameArts-hd.png */ = {isa = PBXFileReference; lastKnownFileType = image.png; path = "gameArts-hd.png"; sourceTree = "<group>"; };
		A939164717DB6A4B009E3D4E /* gameArts.plist */ = {isa = PBXFileReference; fileEncoding = 4; lastKnownFileType = text.plist.xml; path = gameArts.plist; sourceTree = "<group>"; };
		A939164817DB6A4B009E3D4E /* gameArts.png */ = {isa = PBXFileReference; lastKnownFileType = image.png; path = gameArts.png; sourceTree = "<group>"; };
		A939168617DB6AF6009E3D4E /* AppDelegate.cpp */ = {isa = PBXFileReference; fileEncoding = 4; lastKnownFileType = sourcecode.cpp.cpp; name = AppDelegate.cpp; path = ../Classes/AppDelegate.cpp; sourceTree = "<group>"; };
		A939168717DB6AF6009E3D4E /* AppDelegate.h */ = {isa = PBXFileReference; fileEncoding = 4; lastKnownFileType = sourcecode.c.h; name = AppDelegate.h; path = ../Classes/AppDelegate.h; sourceTree = "<group>"; };
		A939168817DB6AF6009E3D4E /* GameLayer.cpp */ = {isa = PBXFileReference; fileEncoding = 4; lastKnownFileType = sourcecode.cpp.cpp; name = GameLayer.cpp; path = ../Classes/GameLayer.cpp; sourceTree = "<group>"; };
		A939168917DB6AF6009E3D4E /* GameLayer.h */ = {isa = PBXFileReference; fileEncoding = 4; lastKnownFileType = sourcecode.c.h; name = GameLayer.h; path = ../Classes/GameLayer.h; sourceTree = "<group>"; };
		A939168A17DB6AF6009E3D4E /* HelloWorldScene.cpp */ = {isa = PBXFileReference; fileEncoding = 4; lastKnownFileType = sourcecode.cpp.cpp; name = HelloWorldScene.cpp; path = ../Classes/HelloWorldScene.cpp; sourceTree = "<group>"; };
		A939168B17DB6AF6009E3D4E /* HelloWorldScene.h */ = {isa = PBXFileReference; fileEncoding = 4; lastKnownFileType = sourcecode.c.h; name = HelloWorldScene.h; path = ../Classes/HelloWorldScene.h; sourceTree = "<group>"; };
/* End PBXFileReference section */

/* Begin PBXFrameworksBuildPhase section */
		1D60588F0D05DD3D006BFB54 /* Frameworks */ = {
			isa = PBXFrameworksBuildPhase;
			buildActionMask = 2147483647;
			files = (
				1A9CE9A81765A889000E3062 /* libsqlite3.dylib in Frameworks */,
				15C159531683161A00D239F2 /* libcocos2dx.a in Frameworks */,
				15C64833165F3AFD007D4F18 /* Foundation.framework in Frameworks */,
				15C64831165F39AB007D4F18 /* libxml2.dylib in Frameworks */,
				15C6482F165F399D007D4F18 /* libz.dylib in Frameworks */,
				15C6482D165F3988007D4F18 /* AudioToolbox.framework in Frameworks */,
				15C6482B165F3979007D4F18 /* ApplicationServices.framework in Frameworks */,
				15C64829165F396B007D4F18 /* OpenAL.framework in Frameworks */,
				15C64827165F394E007D4F18 /* QuartzCore.framework in Frameworks */,
				15C64825165F3934007D4F18 /* OpenGL.framework in Frameworks */,
				15C64823165F391E007D4F18 /* Cocoa.framework in Frameworks */,
			);
			runOnlyForDeploymentPostprocessing = 0;
		};
/* End PBXFrameworksBuildPhase section */

/* Begin PBXGroup section */
		15AA9C4015B7EC450033D6C2 /* Classes */ = {
			isa = PBXGroup;
			children = (
				A939168617DB6AF6009E3D4E /* AppDelegate.cpp */,
				A939168717DB6AF6009E3D4E /* AppDelegate.h */,
				A939168817DB6AF6009E3D4E /* GameLayer.cpp */,
				A939168917DB6AF6009E3D4E /* GameLayer.h */,
				A939168A17DB6AF6009E3D4E /* HelloWorldScene.cpp */,
				A939168B17DB6AF6009E3D4E /* HelloWorldScene.h */,
			);
			name = Classes;
			path = ../classes;
			sourceTree = "<group>";
		};
		15C156C31683158700D239F2 /* Products */ = {
			isa = PBXGroup;
			children = (
				15C156CA1683158700D239F2 /* libcocos2dx.a */,
			);
			name = Products;
			sourceTree = "<group>";
		};
		15C157F7168315CE00D239F2 /* CocosDenshion */ = {
			isa = PBXGroup;
			children = (
				15D8B231168318C3006C7997 /* mac */,
				15C1580D168315CE00D239F2 /* include */,
			);
			name = CocosDenshion;
			path = ../../../CocosDenshion;
			sourceTree = "<group>";
		};
		15C1580D168315CE00D239F2 /* include */ = {
			isa = PBXGroup;
			children = (
				15C1580E168315CE00D239F2 /* Export.h */,
				15C1580F168315CE00D239F2 /* SimpleAudioEngine.h */,
			);
			path = include;
			sourceTree = "<group>";
		};
		15D8B231168318C3006C7997 /* mac */ = {
			isa = PBXGroup;
			children = (
				15D8B232168318C3006C7997 /* CDAudioManager.h */,
				15D8B233168318C3006C7997 /* CDAudioManager.m */,
				15D8B234168318C3006C7997 /* CDConfig.h */,
				15D8B235168318C3006C7997 /* CDOpenALSupport.h */,
				15D8B236168318C3006C7997 /* CDOpenALSupport.m */,
				15D8B237168318C3006C7997 /* CDXMacOSXSupport.h */,
				15D8B238168318C3006C7997 /* CDXMacOSXSupport.mm */,
				15D8B239168318C3006C7997 /* CocosDenshion.h */,
				15D8B23A168318C3006C7997 /* CocosDenshion.m */,
				15D8B23B168318C3006C7997 /* SimpleAudioEngine.mm */,
				15D8B23C168318C3006C7997 /* SimpleAudioEngine_objc.h */,
				15D8B23D168318C3006C7997 /* SimpleAudioEngine_objc.m */,
			);
			path = mac;
			sourceTree = "<group>";
		};
		19C28FACFE9D520D11CA2CBB /* Products */ = {
			isa = PBXGroup;
			children = (
				1D6058910D05DD3D006BFB54 /* ccxPlaneWar.app */,
			);
			name = Products;
			sourceTree = "<group>";
		};
		29B97314FDCFA39411CA2CEA /* CustomTemplate */ = {
			isa = PBXGroup;
			children = (
				15C156C21683158700D239F2 /* cocos2dx.xcodeproj */,
				15AA9C4015B7EC450033D6C2 /* Classes */,
				15C157F7168315CE00D239F2 /* CocosDenshion */,
				29B97323FDCFA39411CA2CEA /* Frameworks */,
				41BC70D815BF818D006A0A6C /* mac */,
				19C28FACFE9D520D11CA2CBB /* Products */,
				78C7DDAA14EBA5050085D0C2 /* Resources */,
			);
			name = CustomTemplate;
			sourceTree = "<group>";
		};
		29B97323FDCFA39411CA2CEA /* Frameworks */ = {
			isa = PBXGroup;
			children = (
				1A9CE9A71765A889000E3062 /* libsqlite3.dylib */,
				15C64830165F39AB007D4F18 /* libxml2.dylib */,
				15C6482E165F399D007D4F18 /* libz.dylib */,
				15C6482C165F3988007D4F18 /* AudioToolbox.framework */,
				15C6482A165F3979007D4F18 /* ApplicationServices.framework */,
				15C64828165F396B007D4F18 /* OpenAL.framework */,
				15C64826165F394E007D4F18 /* QuartzCore.framework */,
				15C64824165F3934007D4F18 /* OpenGL.framework */,
				15C64822165F391E007D4F18 /* Cocoa.framework */,
				15C64832165F3AFD007D4F18 /* Foundation.framework */,
			);
			name = Frameworks;
			sourceTree = "<group>";
		};
		41BC70D815BF818D006A0A6C /* mac */ = {
			isa = PBXGroup;
			children = (
				41BC70D915BF81A5006A0A6C /* AppController.h */,
				41BC70DA15BF81A5006A0A6C /* AppController.mm */,
				41BC70DB15BF81A5006A0A6C /* en.lproj */,
				41BC70E015BF81A5006A0A6C /* Icon.icns */,
				41BC70E115BF81A5006A0A6C /* main.m */,
				41BC70E215BF81A5006A0A6C /* Info.plist */,
				41BC70E315BF81A5006A0A6C /* Prefix.pch */,
			);
			name = mac;
			path = ../Resources;
			sourceTree = "<group>";
		};
		41BC70DB15BF81A5006A0A6C /* en.lproj */ = {
			isa = PBXGroup;
			children = (
				41BC70DC15BF81A5006A0A6C /* InfoPlist.strings */,
				41BC70DE15BF81A5006A0A6C /* MainMenu.xib */,
			);
			path = en.lproj;
			sourceTree = SOURCE_ROOT;
		};
		78C7DDAA14EBA5050085D0C2 /* Resources */ = {
			isa = PBXGroup;
			children = (
				A939163D17DB6A4B009E3D4E /* fonts */,
				A939163617DB6A4B009E3D4E /* bullet.mp3 */,
				A939163717DB6A4B009E3D4E /* enemy1_down.mp3 */,
				A939163817DB6A4B009E3D4E /* enemy2_down.mp3 */,
				A939163917DB6A4B009E3D4E /* enemy3_down.mp3 */,
				A939163A17DB6A4B009E3D4E /* enemy4_down.mp3 */,
				A939163B17DB6A4B009E3D4E /* enemy4_out.mp3 */,
				A939163C17DB6A4B009E3D4E /* enemy5_down.mp3 */,
				A939163F17DB6A4B009E3D4E /* game_music.mp3 */,
				A939164017DB6A4B009E3D4E /* game_over.mp3 */,
				A939164117DB6A4B009E3D4E /* gameArts-android.plist */,
				A939164217DB6A4B009E3D4E /* gameArts-android.png */,
				A939164317DB6A4B009E3D4E /* gameArts-androidhd.plist */,
				A939164417DB6A4B009E3D4E /* gameArts-androidhd.png */,
				A939164517DB6A4B009E3D4E /* gameArts-hd.plist */,
				A939164617DB6A4B009E3D4E /* gameArts-hd.png */,
				A939164717DB6A4B009E3D4E /* gameArts.plist */,
				A939164817DB6A4B009E3D4E /* gameArts.png */,
			);
			name = Resources;
			path = ../Resources;
			sourceTree = "<group>";
		};
		A939163D17DB6A4B009E3D4E /* fonts */ = {
			isa = PBXGroup;
			children = (
				A939163E17DB6A4B009E3D4E /* Marker Felt.ttf */,
			);
			path = fonts;
			sourceTree = "<group>";
		};
/* End PBXGroup section */

/* Begin PBXNativeTarget section */
		1D6058900D05DD3D006BFB54 /* ccxPlaneWar */ = {
			isa = PBXNativeTarget;
			buildConfigurationList = 1D6058960D05DD3E006BFB54 /* Build configuration list for PBXNativeTarget "ccxPlaneWar" */;
			buildPhases = (
				1D60588D0D05DD3D006BFB54 /* Resources */,
				1D60588E0D05DD3D006BFB54 /* Sources */,
				1D60588F0D05DD3D006BFB54 /* Frameworks */,
			);
			buildRules = (
			);
			dependencies = (
				15C159521683161500D239F2 /* PBXTargetDependency */,
			);
			name = ccxPlaneWar;
			productName = iphone;
			productReference = 1D6058910D05DD3D006BFB54 /* ccxPlaneWar.app */;
			productType = "com.apple.product-type.application";
		};
/* End PBXNativeTarget section */

/* Begin PBXProject section */
		29B97313FDCFA39411CA2CEA /* Project object */ = {
			isa = PBXProject;
			attributes = {
				LastUpgradeCheck = 0460;
			};
			buildConfigurationList = C01FCF4E08A954540054247B /* Build configuration list for PBXProject "ccxPlaneWar" */;
			compatibilityVersion = "Xcode 3.2";
			developmentRegion = English;
			hasScannedForEncodings = 1;
			knownRegions = (
				English,
				Japanese,
				French,
				German,
				en,
			);
			mainGroup = 29B97314FDCFA39411CA2CEA /* CustomTemplate */;
			projectDirPath = "";
			projectReferences = (
				{
					ProductGroup = 15C156C31683158700D239F2 /* Products */;
					ProjectRef = 15C156C21683158700D239F2 /* cocos2dx.xcodeproj */;
				},
			);
			projectRoot = "";
			targets = (
				1D6058900D05DD3D006BFB54 /* ccxPlaneWar */,
			);
		};
/* End PBXProject section */

/* Begin PBXReferenceProxy section */
		15C156CA1683158700D239F2 /* libcocos2dx.a */ = {
			isa = PBXReferenceProxy;
			fileType = archive.ar;
			path = libcocos2dx.a;
			remoteRef = 15C156C91683158700D239F2 /* PBXContainerItemProxy */;
			sourceTree = BUILT_PRODUCTS_DIR;
		};
/* End PBXReferenceProxy section */

/* Begin PBXResourcesBuildPhase section */
		1D60588D0D05DD3D006BFB54 /* Resources */ = {
			isa = PBXResourcesBuildPhase;
			buildActionMask = 2147483647;
			files = (
				41BC70E515BF81A5006A0A6C /* InfoPlist.strings in Resources */,
				41BC70E615BF81A5006A0A6C /* MainMenu.xib in Resources */,
				41BC70E715BF81A5006A0A6C /* Icon.icns in Resources */,
				A939164917DB6A4B009E3D4E /* bullet.mp3 in Resources */,
				A939164A17DB6A4B009E3D4E /* enemy1_down.mp3 in Resources */,
				A939164B17DB6A4B009E3D4E /* enemy2_down.mp3 in Resources */,
				A939164C17DB6A4B009E3D4E /* enemy3_down.mp3 in Resources */,
				A939164D17DB6A4B009E3D4E /* enemy4_down.mp3 in Resources */,
				A939164E17DB6A4B009E3D4E /* enemy4_out.mp3 in Resources */,
				A939164F17DB6A4B009E3D4E /* enemy5_down.mp3 in Resources */,
				A939165017DB6A4B009E3D4E /* Marker Felt.ttf in Resources */,
				A939165117DB6A4B009E3D4E /* game_music.mp3 in Resources */,
				A939165217DB6A4B009E3D4E /* game_over.mp3 in Resources */,
				A939165317DB6A4B009E3D4E /* gameArts-android.plist in Resources */,
				A939165417DB6A4B009E3D4E /* gameArts-android.png in Resources */,
				A939165517DB6A4B009E3D4E /* gameArts-androidhd.plist in Resources */,
				A939165617DB6A4B009E3D4E /* gameArts-androidhd.png in Resources */,
				A939165717DB6A4B009E3D4E /* gameArts-hd.plist in Resources */,
				A939165817DB6A4B009E3D4E /* gameArts-hd.png in Resources */,
				A939165917DB6A4B009E3D4E /* gameArts.plist in Resources */,
				A939165A17DB6A4B009E3D4E /* gameArts.png in Resources */,
			);
			runOnlyForDeploymentPostprocessing = 0;
		};
/* End PBXResourcesBuildPhase section */

/* Begin PBXSourcesBuildPhase section */
		1D60588E0D05DD3D006BFB54 /* Sources */ = {
			isa = PBXSourcesBuildPhase;
			buildActionMask = 2147483647;
			files = (
				41BC70E415BF81A5006A0A6C /* AppController.mm in Sources */,
				41BC70E815BF81A5006A0A6C /* main.m in Sources */,
				15D8B23E168318C3006C7997 /* CDAudioManager.m in Sources */,
				15D8B23F168318C3006C7997 /* CDOpenALSupport.m in Sources */,
				15D8B240168318C3006C7997 /* CDXMacOSXSupport.mm in Sources */,
				15D8B241168318C3006C7997 /* CocosDenshion.m in Sources */,
				15D8B242168318C3006C7997 /* SimpleAudioEngine.mm in Sources */,
				15D8B243168318C3006C7997 /* SimpleAudioEngine_objc.m in Sources */,
				A939168C17DB6AF6009E3D4E /* AppDelegate.cpp in Sources */,
				A939168D17DB6AF6009E3D4E /* GameLayer.cpp in Sources */,
				A939168E17DB6AF6009E3D4E /* HelloWorldScene.cpp in Sources */,
			);
			runOnlyForDeploymentPostprocessing = 0;
		};
/* End PBXSourcesBuildPhase section */

/* Begin PBXTargetDependency section */
		15C159521683161500D239F2 /* PBXTargetDependency */ = {
			isa = PBXTargetDependency;
			name = cocos2dx;
			targetProxy = 15C159511683161500D239F2 /* PBXContainerItemProxy */;
		};
/* End PBXTargetDependency section */

/* Begin PBXVariantGroup section */
		41BC70DC15BF81A5006A0A6C /* InfoPlist.strings */ = {
			isa = PBXVariantGroup;
			children = (
				41BC70DD15BF81A5006A0A6C /* en */,
			);
			name = InfoPlist.strings;
			sourceTree = "<group>";
		};
		41BC70DE15BF81A5006A0A6C /* MainMenu.xib */ = {
			isa = PBXVariantGroup;
			children = (
				41BC70DF15BF81A5006A0A6C /* en */,
			);
			name = MainMenu.xib;
			sourceTree = "<group>";
		};
/* End PBXVariantGroup section */

/* Begin XCBuildConfiguration section */
		1D6058940D05DD3E006BFB54 /* Debug */ = {
			isa = XCBuildConfiguration;
			buildSettings = {
				ALWAYS_SEARCH_USER_PATHS = NO;
				CODE_SIGN_IDENTITY = "";
				"CODE_SIGN_IDENTITY[sdk=iphoneos*]" = "";
				COMBINE_HIDPI_IMAGES = YES;
				COPY_PHASE_STRIP = NO;
				GCC_DYNAMIC_NO_PIC = NO;
				GCC_INLINES_ARE_PRIVATE_EXTERN = NO;
				GCC_OPTIMIZATION_LEVEL = 0;
				GCC_PRECOMPILE_PREFIX_HEADER = YES;
				GCC_PREFIX_HEADER = Prefix.pch;
				GCC_PREPROCESSOR_DEFINITIONS = (
					USE_FILE32API,
					CC_TARGET_OS_MAC,
					"COCOS2D_DEBUG=1",
					CC_ENABLE_CHIPMUNK_INTEGRATION,
				);
				GCC_SYMBOLS_PRIVATE_EXTERN = NO;
				GCC_VERSION = "";
				HEADER_SEARCH_PATHS = (
					"$(SRCROOT)/../../../CocosDenshion/include",
					"\"$(SRCROOT)/../../../external/chipmunk/include/constraints\"",
					"\"$(SRCROOT)/../../../external/chipmunk/include/chipmunk\"",
					"\"$(SRCROOT)/../../../cocos2dx/kazmath/include\"",
					"\"$(SRCROOT)/../../../extensions\"",
					"\"$(SRCROOT)/../../../external\"",
					"\"$(SRCROOT)/../../../cocos2dx\"",
					"\"$(SRCROOT)/../../../cocos2dx/include\"",
					"\"$(SRCROOT)/../../../cocos2dx/platform/mac\"",
				);
				INFOPLIST_FILE = Info.plist;
				LIBRARY_SEARCH_PATHS = "\"$(SRCROOT)/../../../cocos2dx/platform/third_party/mac/libraries\"";
				MACOSX_DEPLOYMENT_TARGET = 10.6;
				OTHER_CFLAGS = "-O2";
				PRODUCT_NAME = ccxPlaneWar;
				SDKROOT = macosx;
				USER_HEADER_SEARCH_PATHS = "";
				VALID_ARCHS = "i386 x86_64";
			};
			name = Debug;
		};
		1D6058950D05DD3E006BFB54 /* Release */ = {
			isa = XCBuildConfiguration;
			buildSettings = {
				ALWAYS_SEARCH_USER_PATHS = NO;
				CODE_SIGN_IDENTITY = "";
				"CODE_SIGN_IDENTITY[sdk=iphoneos*]" = "";
				COMBINE_HIDPI_IMAGES = YES;
				COPY_PHASE_STRIP = YES;
				GCC_INLINES_ARE_PRIVATE_EXTERN = NO;
				GCC_OPTIMIZATION_LEVEL = 0;
				GCC_PRECOMPILE_PREFIX_HEADER = YES;
				GCC_PREFIX_HEADER = Prefix.pch;
				GCC_PREPROCESSOR_DEFINITIONS = (
					CC_TARGET_OS_MAC,
					USE_FILE32API,
					CC_ENABLE_CHIPMUNK_INTEGRATION,
				);
				GCC_SYMBOLS_PRIVATE_EXTERN = NO;
				GCC_VERSION = "";
				HEADER_SEARCH_PATHS = (
					"$(SRCROOT)/../../../CocosDenshion/include",
					"\"$(SRCROOT)/../../../external/chipmunk/include/constraints\"",
					"\"$(SRCROOT)/../../../external/chipmunk/include/chipmunk\"",
					"\"$(SRCROOT)/../../../cocos2dx/kazmath/include\"",
					"\"$(SRCROOT)/../../../extensions\"",
					"\"$(SRCROOT)/../../../external\"",
					"\"$(SRCROOT)/../../../cocos2dx\"",
					"\"$(SRCROOT)/../../../cocos2dx/include\"",
					"\"$(SRCROOT)/../../../cocos2dx/platform/mac\"",
				);
				INFOPLIST_FILE = Info.plist;
				LIBRARY_SEARCH_PATHS = "\"$(SRCROOT)/../../../cocos2dx/platform/third_party/mac/libraries\"";
				MACOSX_DEPLOYMENT_TARGET = 10.6;
				PRODUCT_NAME = ccxPlaneWar;
				SDKROOT = macosx;
				USER_HEADER_SEARCH_PATHS = "";
				VALIDATE_PRODUCT = YES;
				VALID_ARCHS = "i386 x86_64";
			};
			name = Release;
		};
		C01FCF4F08A954540054247B /* Debug */ = {
			isa = XCBuildConfiguration;
			buildSettings = {
				ARCHS = "$(ARCHS_STANDARD_32_64_BIT)";
				GCC_C_LANGUAGE_STANDARD = c99;
				GCC_VERSION = "";
				GCC_WARN_ABOUT_RETURN_TYPE = YES;
				GCC_WARN_UNUSED_VARIABLE = YES;
				MACOSX_DEPLOYMENT_TARGET = 10.6;
				SDKROOT = macosx;
				VALID_ARCHS = "x86_64 i386";
			};
			name = Debug;
		};
		C01FCF5008A954540054247B /* Release */ = {
			isa = XCBuildConfiguration;
			buildSettings = {
				ARCHS = "$(ARCHS_STANDARD_32_64_BIT)";
				GCC_C_LANGUAGE_STANDARD = c99;
				GCC_VERSION = "";
				GCC_WARN_ABOUT_RETURN_TYPE = YES;
				GCC_WARN_UNUSED_VARIABLE = YES;
				MACOSX_DEPLOYMENT_TARGET = 10.6;
				OTHER_CFLAGS = "-DNS_BLOCK_ASSERTIONS=1";
				SDKROOT = macosx;
				VALID_ARCHS = "x86_64 i386";
			};
			name = Release;
		};
/* End XCBuildConfiguration section */

/* Begin XCConfigurationList section */
		1D6058960D05DD3E006BFB54 /* Build configuration list for PBXNativeTarget "ccxPlaneWar" */ = {
			isa = XCConfigurationList;
			buildConfigurations = (
				1D6058940D05DD3E006BFB54 /* Debug */,
				1D6058950D05DD3E006BFB54 /* Release */,
			);
			defaultConfigurationIsVisible = 0;
			defaultConfigurationName = Debug;
		};
		C01FCF4E08A954540054247B /* Build configuration list for PBXProject "ccxPlaneWar" */ = {
			isa = XCConfigurationList;
			buildConfigurations = (
				C01FCF4F08A954540054247B /* Debug */,
				C01FCF5008A954540054247B /* Release */,
			);
			defaultConfigurationIsVisible = 0;
			defaultConfigurationName = Debug;
		};
/* End XCConfigurationList section */
	};
	rootObject = 29B97313FDCFA39411CA2CEA /* Project object */;
}
